
Microsoft Visual Studio Solution File, Format Version 12.00
# Visual Studio Version 17
VisualStudioVersion = 17.14.36518.9
MinimumVisualStudioVersion = 10.0.40219.1
Project("{FAE04EC0-301F-11D3-BF4B-00C04F79EFBC}") = "AssetManagment", "AssetManagment.csproj", "{20A1700C-8C79-403F-99FB-79E035CDA69B}"
EndProject
Global
	GlobalSection(SolutionConfigurationPlatforms) = preSolution
		Debug|Any CPU = Debug|Any CPU
		Release|Any CPU = Release|Any CPU
	EndGlobalSection
	GlobalSection(ProjectConfigurationPlatforms) = postSolution
		{20A1700C-8C79-403F-99FB-79E035CDA69B}.Debug|Any CPU.ActiveCfg = Debug|Any CPU
		{20A1700C-8C79-403F-99FB-79E035CDA69B}.Debug|Any CPU.Build.0 = Debug|Any CPU
		{20A1700C-8C79-403F-99FB-79E035CDA69B}.Release|Any CPU.ActiveCfg = Release|Any CPU
		{20A1700C-8C79-403F-99FB-79E035CDA69B}.Release|Any CPU.Build.0 = Release|Any CPU
	EndGlobalSection
	GlobalSection(SolutionProperties) = preSolution
		HideSolutionNode = FALSE
	EndGlobalSection
	GlobalSection(ExtensibilityGlobals) = postSolution
		SolutionGuid = {F2D059DE-A7A1-4426-9B26-9B9E05D3411F}
	EndGlobalSection
EndGlobal
